version: 7
platforms:
- name: linux-64
- name: osx-arm64
environments:
  align:
    channels:
    - url: https://conda.anaconda.org/conda-forge/
    - url: https://conda.anaconda.org/bioconda/
    indexes:
    - https://pypi.org/simple
    packages:
      linux-64:
      - conda: https://conda.anaconda.org/bioconda/linux-64/infernal-1.1.5-pl5321h7b50bb2_4.tar.bz2
      - conda: https://conda.anaconda.org/conda-forge/linux-64/_openmp_mutex-4.5-20_gnu.conda
      - conda: https://conda.anaconda.org/conda-forge/linux-64/bzip2-1.0.8-hda65f42_9.conda
      - conda: https://conda.anaconda.org/conda-forge/linux-64/gawk-5.4.1-h0a3468a_0.conda
      - conda: https://conda.anaconda.org/conda-forge/linux-64/gmp-6.3.0-hac33072_2.conda
      - conda: https://conda.anaconda.org/conda-forge/linux-64/icu-78.3-h54a6638_2.conda
      - conda: https://conda.anaconda.org/conda-forge/linux-64/ld_impl_linux-64-2.46.1-default_hbd61a6d_102.conda
      - conda: https://conda.anaconda.org/conda-forge/linux-64/libasprintf-0.25.1-h3f43e3d_1.conda
      - conda: https://conda.anaconda.org/conda-forge/linux-64/libexpat-2.8.1-hecca717_1.conda
      - conda: https://conda.anaconda.org/conda-forge/linux-64/libffi-3.5.2-h3435931_0.conda
      - conda: https://conda.anaconda.org/conda-forge/linux-64/libgcc-16.1.0-ha9f2e26_1.conda
      - conda: https://conda.anaconda.org/conda-forge/linux-64/libgcc-ng-16.1.0-h69a702a_1.conda
      - conda: https://conda.anaconda.org/conda-forge/linux-64/libgettextpo-0.25.1-h3f43e3d_1.conda
      - conda: https://conda.anaconda.org/conda-forge/linux-64/libgomp-16.1.0-he0feb66_1.conda
      - conda: https://conda.anaconda.org/conda-forge/linux-64/libiconv-1.18-h3b78370_2.conda
      - conda: https://conda.anaconda.org/conda-forge/linux-64/liblzma-5.8.3-hb03c661_0.conda
      - conda: https://conda.anaconda.org/conda-forge/linux-64/libnsl-2.0.1-hb9d3cd8_1.conda
      - conda: https://conda.anaconda.org/conda-forge/linux-64/libsqlite-3.53.4-hf4e2dac_0.conda
      - conda: https://conda.anaconda.org/conda-forge/linux-64/libstdcxx-16.1.0-h934c35e_1.conda
      - conda: https://conda.anaconda.org/conda-forge/linux-64/libstdcxx-ng-16.1.0-hdf11a46_1.conda
      - conda: https://conda.anaconda.org/conda-forge/linux-64/libuuid-2.42.2-h5347b49_0.conda
      - conda: https://conda.anaconda.org/conda-forge/linux-64/libxcrypt-4.4.36-hd590300_1.conda
      - conda: https://conda.anaconda.org/conda-forge/linux-64/libzlib-1.3.2-h25fd6f3_3.conda
      - conda: https://conda.anaconda.org/conda-forge/linux-64/mafft-7.526-h4bc722e_0.conda
      - conda: https://conda.anaconda.org/conda-forge/linux-64/mpfr-4.2.2-he0a73b1_0.conda
      - conda: https://conda.anaconda.org/conda-forge/linux-64/ncurses-6.6-hdb14827_0.conda
      - conda: https://conda.anaconda.org/conda-forge/linux-64/openssl-3.6.3-h35e630c_0.conda
      - conda: https://conda.anaconda.org/conda-forge/linux-64/perl-5.32.1-7_hd590300_perl5.conda
      - conda: https://conda.anaconda.org/conda-forge/linux-64/python-3.12.13-hd63d673_0_cpython.conda
      - conda: https://conda.anaconda.org/conda-forge/linux-64/readline-8.3-h853b02a_0.conda
      - conda: https://conda.anaconda.org/conda-forge/linux-64/tk-8.6.13-noxft_hd70dff1_3.conda
      - conda: https://conda.anaconda.org/conda-forge/linux-64/zstd-1.5.7-hb78ec9c_6.conda
      - conda: https://conda.anaconda.org/conda-forge/noarch/ca-certificates-2026.7.22-hbd8a1cb_0.conda
      - conda: https://conda.anaconda.org/conda-forge/noarch/tzdata-2026c-h151e31d_0.conda
      - pypi: .
      - pypi: https://files.pythonhosted.org/packages/24/ff/96058f6506aac0fbc0d0fc0d60b0d0bd746240a0594657a2d94ad28033ba/ruff-0.12.5-py3-none-manylinux_2_17_x86_64.manylinux2014_x86_64.whl
      - pypi: https://files.pythonhosted.org/packages/29/16/c8a903f4c4dffe7a12843191437d7cd8e32751d5de349d45d3fe69544e87/pytest-8.4.1-py3-none-any.whl
      - pypi: https://files.pythonhosted.org/packages/4f/98/6549769f158126fa64fd6c1ac2eb59a18282146c939867a3eb31b7c1db07/duckdb-1.5.5-cp312-cp312-manylinux_2_26_x86_64.manylinux_2_28_x86_64.whl
      - pypi: https://files.pythonhosted.org/packages/54/20/4d324d65cc6d9205fabedc306948156824eb9f0ee1633355a8f7ec5c66bf/pluggy-1.6.0-py3-none-any.whl
      - pypi: https://files.pythonhosted.org/packages/a9/28/7898c2061966d6d62f0bb2e53cd5e1b3bb3053d2bc431f299802faca23cc/biopython-1.87-cp312-cp312-manylinux2014_x86_64.manylinux_2_17_x86_64.manylinux_2_28_x86_64.whl
      - pypi: https://files.pythonhosted.org/packages/b8/a9/6e73d68500f80773f65f0654ea932019d6694329a0eb0ed0533de38df376/numpy-2.5.1-cp312-cp312-manylinux_2_27_x86_64.manylinux_2_28_x86_64.whl
      - pypi: https://files.pythonhosted.org/packages/cb/b1/3846dd7f199d53cb17f49cba7e651e9ce294d8497c8c150530ed11865bb8/iniconfig-2.3.0-py3-none-any.whl
      - pypi: https://files.pythonhosted.org/packages/df/b2/87e62e8c3e2f4b32e5fe99e0b86d576da1312593b39f47d8ceef365e95ed/packaging-26.2-py3-none-any.whl
      - pypi: https://files.pythonhosted.org/packages/f4/7e/a72dd26f3b0f4f2bf1dd8923c85f7ceb43172af56d63c7383eb62b332364/pygments-2.20.0-py3-none-any.whl
      osx-arm64:
      - conda: https://conda.anaconda.org/bioconda/osx-arm64/infernal-1.1.5-pl5321hd34ca47_4.tar.bz2
      - conda: https://conda.anaconda.org/conda-forge/noarch/ca-certificates-2026.7.22-hbd8a1cb_0.conda
      - conda: https://conda.anaconda.org/conda-forge/noarch/tzdata-2026c-h151e31d_0.conda
      - conda: https://conda.anaconda.org/conda-forge/osx-arm64/bzip2-1.0.8-hd037594_9.conda
      - conda: https://conda.anaconda.org/conda-forge/osx-arm64/gawk-5.4.1-hcc05c04_0.conda
      - conda: https://conda.anaconda.org/conda-forge/osx-arm64/gmp-6.3.0-h7bae524_2.conda
      - conda: https://conda.anaconda.org/conda-forge/osx-arm64/icu-78.3-hc7cc350_2.conda
      - conda: https://conda.anaconda.org/conda-forge/osx-arm64/libasprintf-0.25.1-h493aca8_0.conda
      - conda: https://conda.anaconda.org/conda-forge/osx-arm64/libcxx-22.1.8-h55c6f16_0.conda
      - conda: https://conda.anaconda.org/conda-forge/osx-arm64/libexpat-2.8.1-hf6b4638_1.conda
      - conda: https://conda.anaconda.org/conda-forge/osx-arm64/libffi-3.5.2-hcf2aa1b_0.conda
      - conda: https://conda.anaconda.org/conda-forge/osx-arm64/libgettextpo-0.25.1-h493aca8_0.conda
      - conda: https://conda.anaconda.org/conda-forge/osx-arm64/libiconv-1.18-h23cfdf5_2.conda
      - conda: https://conda.anaconda.org/conda-forge/osx-arm64/libintl-0.25.1-h493aca8_0.conda
      - conda: https://conda.anaconda.org/conda-forge/osx-arm64/liblzma-5.8.3-h8088a28_0.conda
      - conda: https://conda.anaconda.org/conda-forge/osx-arm64/libsqlite-3.53.4-h1ae2325_0.conda
      - conda: https://conda.anaconda.org/conda-forge/osx-arm64/libzlib-1.3.2-h8088a28_3.conda
      - conda: https://conda.anaconda.org/conda-forge/osx-arm64/llvm-openmp-22.1.8-hc7d1edf_0.conda
      - conda: https://conda.anaconda.org/conda-forge/osx-arm64/mafft-7.526-h99b78c6_0.conda
      - conda: https://conda.anaconda.org/conda-forge/osx-arm64/mpfr-4.2.2-h6bc93b0_0.conda
      - conda: https://conda.anaconda.org/conda-forge/osx-arm64/ncurses-6.6-h1d4f5a5_0.conda
      - conda: https://conda.anaconda.org/conda-forge/osx-arm64/openssl-3.6.3-hd24854e_0.conda
      - conda: https://conda.anaconda.org/conda-forge/osx-arm64/perl-5.32.1-7_h4614cfb_perl5.conda
      - conda: https://conda.anaconda.org/conda-forge/osx-arm64/python-3.12.13-h8561d8f_0_cpython.conda
      - conda: https://conda.anaconda.org/conda-forge/osx-arm64/readline-8.3-h46df422_0.conda
      - conda: https://conda.anaconda.org/conda-forge/osx-arm64/tk-8.6.13-hd3d0363_3.conda
      - pypi: .
      - pypi: https://files.pythonhosted.org/packages/29/16/c8a903f4c4dffe7a12843191437d7cd8e32751d5de349d45d3fe69544e87/pytest-8.4.1-py3-none-any.whl
      - pypi: https://files.pythonhosted.org/packages/54/20/4d324d65cc6d9205fabedc306948156824eb9f0ee1633355a8f7ec5c66bf/pluggy-1.6.0-py3-none-any.whl
      - pypi: https://files.pythonhosted.org/packages/60/a6/18f024658c364196b7f9519674edd3233136fa19874b7ffd9e55ea0fd8e6/biopython-1.87-cp312-cp312-macosx_11_0_arm64.whl
      - pypi: https://files.pythonhosted.org/packages/bf/5c/bf02da0b354fe83cca4f95a4fbf762181af466f7d551ab2a093f7698882a/duckdb-1.5.5-cp312-cp312-macosx_11_0_arm64.whl
      - pypi: https://files.pythonhosted.org/packages/c5/de/c6bec1dce5ead9f9e6a946ea15e8d698c35f19edc508289d70a577921b30/ruff-0.12.5-py3-none-macosx_11_0_arm64.whl
      - pypi: https://files.pythonhosted.org/packages/cb/b1/3846dd7f199d53cb17f49cba7e651e9ce294d8497c8c150530ed11865bb8/iniconfig-2.3.0-py3-none-any.whl
      - pypi: https://files.pythonhosted.org/packages/df/b2/87e62e8c3e2f4b32e5fe99e0b86d576da1312593b39f47d8ceef365e95ed/packaging-26.2-py3-none-any.whl
      - pypi: https://files.pythonhosted.org/packages/e1/19/cc5bb2a3f2913d27d6dbb2c78d25921fabaedc6741d4a5a615a11f3c5bf3/numpy-2.5.1-cp312-cp312-macosx_11_0_arm64.whl
      - pypi: https://files.pythonhosted.org/packages/f4/7e/a72dd26f3b0f4f2bf1dd8923c85f7ceb43172af56d63c7383eb62b332364/pygments-2.20.0-py3-none-any.whl
  default:
    channels:
    - url: https://conda.anaconda.org/conda-forge/
    - url: https://conda.anaconda.org/bioconda/
    packages: {}
  seed:
    channels:
    - url: https://conda.anaconda.org/conda-forge/
    - url: https://conda.anaconda.org/bioconda/
    packages:
      osx-arm64:
      - conda: https://conda.anaconda.org/bioconda/osx-arm64/viennarna-2.7.2-py313pl5321h39de4f0_1.conda
      - conda: https://conda.anaconda.org/conda-forge/noarch/ca-certificates-2026.7.22-hbd8a1cb_0.conda
      - conda: https://conda.anaconda.org/conda-forge/noarch/python_abi-3.13-8_cp313.conda
      - conda: https://conda.anaconda.org/conda-forge/noarch/tzdata-2026c-h151e31d_0.conda
      - conda: https://conda.anaconda.org/conda-forge/osx-arm64/bzip2-1.0.8-hd037594_9.conda
      - conda: https://conda.anaconda.org/conda-forge/osx-arm64/gawk-5.4.1-hcc05c04_0.conda
      - conda: https://conda.anaconda.org/conda-forge/osx-arm64/gmp-6.3.0-h7bae524_2.conda
      - conda: https://conda.anaconda.org/conda-forge/osx-arm64/icu-78.3-hc7cc350_2.conda
      - conda: https://conda.anaconda.org/conda-forge/osx-arm64/libasprintf-0.25.1-h493aca8_0.conda
      - conda: https://conda.anaconda.org/conda-forge/osx-arm64/libcxx-22.1.8-h55c6f16_0.conda
      - conda: https://conda.anaconda.org/conda-forge/osx-arm64/libexpat-2.8.1-hf6b4638_1.conda
      - conda: https://conda.anaconda.org/conda-forge/osx-arm64/libffi-3.5.2-hcf2aa1b_0.conda
      - conda: https://conda.anaconda.org/conda-forge/osx-arm64/libgettextpo-0.25.1-h493aca8_0.conda
      - conda: https://conda.anaconda.org/conda-forge/osx-arm64/libiconv-1.18-h23cfdf5_2.conda
      - conda: https://conda.anaconda.org/conda-forge/osx-arm64/libintl-0.25.1-h493aca8_0.conda
      - conda: https://conda.anaconda.org/conda-forge/osx-arm64/liblzma-5.8.3-h8088a28_0.conda
      - conda: https://conda.anaconda.org/conda-forge/osx-arm64/libmpdec-4.0.0-h84a0fba_1.conda
      - conda: https://conda.anaconda.org/conda-forge/osx-arm64/libsqlite-3.53.4-h1ae2325_0.conda
      - conda: https://conda.anaconda.org/conda-forge/osx-arm64/libzlib-1.3.2-h8088a28_3.conda
      - conda: https://conda.anaconda.org/conda-forge/osx-arm64/llvm-openmp-22.1.8-hc7d1edf_0.conda
      - conda: https://conda.anaconda.org/conda-forge/osx-arm64/mafft-7.526-h99b78c6_0.conda
      - conda: https://conda.anaconda.org/conda-forge/osx-arm64/mpfr-4.2.2-h6bc93b0_0.conda
      - conda: https://conda.anaconda.org/conda-forge/osx-arm64/ncurses-6.6-h1d4f5a5_0.conda
      - conda: https://conda.anaconda.org/conda-forge/osx-arm64/openssl-3.6.3-hd24854e_0.conda
      - conda: https://conda.anaconda.org/conda-forge/osx-arm64/perl-5.32.1-7_h4614cfb_perl5.conda
      - conda: https://conda.anaconda.org/conda-forge/osx-arm64/python-3.13.14-h448ec07_100_cp313.conda
      - conda: https://conda.anaconda.org/conda-forge/osx-arm64/readline-8.3-h46df422_0.conda
      - conda: https://conda.anaconda.org/conda-forge/osx-arm64/tk-8.6.13-hd3d0363_3.conda
packages:
- conda: https://conda.anaconda.org/bioconda/linux-64/infernal-1.1.5-pl5321h7b50bb2_4.tar.bz2
  sha256: 1e62b1fc98a41b7c1c8b13c900e852679e36799dc2ac4f04de1bcfbd1b3a23ef
  md5: 78364081743c5b113116cf25f9a4473a
  depends:
  - _openmp_mutex >=4.5
  - libgcc >=13
  - libgomp
  - perl >=5.32.1,<5.33.0a0 *_perl5
  license: BSD-3-Clause
  license_family: BSD
  purls: []
  run_exports:
    weak:
    - infernal >=1.1.5,<2.0a0
  size: 3904151
  timestamp: 1734085424371
- conda: https://conda.anaconda.org/bioconda/osx-arm64/infernal-1.1.5-pl5321hd34ca47_4.tar.bz2
  sha256: 35fcd13e09c9dbdf365a778dde516f23f734ef0dfab27849004618c5325e7b30
  md5: 8a757807ac1ca65a048909fdae0563db
  depends:
  - llvm-openmp >=18.1.8
  - perl >=5.32.1,<5.33.0a0 *_perl5
  license: BSD-3-Clause
  license_family: BSD
  purls: []
  size: 9701426
  timestamp: 1733851429596
- conda: https://conda.anaconda.org/bioconda/osx-arm64/viennarna-2.7.2-py313pl5321h39de4f0_1.conda
  sha256: 884d9e1499c6f920c93d23d590bb3682ba213e13958ca67b8f249bfd92996743
  md5: f2abc1bfb6a12eee186266c96e087dc9
  depends:
  - libcxx >=19
  - libzlib >=1.3.1,<2.0a0
  - llvm-openmp >=19.1.7
  - perl >=5.32.1,<5.33.0a0 *_perl5
  - python >=3.13,<3.14.0a0
  - python_abi 3.13.* *_cp313
  license: custom
  size: 23559907
  timestamp: 1773919096218
- conda: https://conda.anaconda.org/conda-forge/linux-64/_openmp_mutex-4.5-20_gnu.conda
  build_number: 20
  sha256: 1dd3fffd892081df9726d7eb7e0dea6198962ba775bd88842135a4ddb4deb3c9
  md5: a9f577daf3de00bca7c3c76c0ecbd1de
  depends:
  - __glibc >=2.17,<3.0.a0
  - libgomp >=7.5.0
  constrains:
  - openmp_impl <0.0a0
  license: BSD-3-Clause
  license_family: BSD
  purls: []
  run_exports:
    strong:
    - _openmp_mutex >=4.5
  size: 28948
  timestamp: 1770939786096
- conda: https://conda.anaconda.org/conda-forge/linux-64/bzip2-1.0.8-hda65f42_9.conda
  sha256: 0b75d45f0bba3e95dc693336fa51f40ea28c980131fec438afb7ce6118ed05f6
  md5: d2ffd7602c02f2b316fd921d39876885
  depends:
  - __glibc >=2.17,<3.0.a0
  - libgcc >=14
  license: bzip2-1.0.6
  license_family: BSD
  purls: []
  run_exports:
    weak:
    - bzip2 >=1.0.8,<2.0a0
  size: 260182
  timestamp: 1771350215188
- conda: https://conda.anaconda.org/conda-forge/linux-64/gawk-5.4.1-h0a3468a_0.conda
  sha256: 0ae20399bc13d1097237cf29653c1f2dd68e37f08b47a9b3cab76f97556a6bfa
  md5: 64fd8d804a6aaef55d6d6c562446d72b
  depends:
  - gmp
  - mpfr
  - libgcc >=14
  - __glibc >=2.17,<3.0.a0
  - gmp >=6.3.0,<7.0a0
  - readline >=8.3,<9.0a0
  - libasprintf >=0.25.1,<1.0a0
  - libgettextpo >=0.25.1,<1.0a0
  - mpfr >=4.2.2,<5.0a0
  license: GPL-3.0-or-later
  license_family: GPL
  purls: []
  run_exports: {}
  size: 1522511
  timestamp: 1783686211415
- conda: https://conda.anaconda.org/conda-forge/linux-64/gmp-6.3.0-hac33072_2.conda
  sha256: 309cf4f04fec0c31b6771a5809a1909b4b3154a2208f52351e1ada006f4c750c
  md5: c94a5994ef49749880a8139cf9afcbe1
  depends:
  - libgcc-ng >=12
  - libstdcxx-ng >=12
  license: GPL-2.0-or-later OR LGPL-3.0-or-later
  purls: []
  run_exports:
    weak:
    - gmp >=6.3.0,<7.0a0
  size: 460055
  timestamp: 1718980856608
- conda: https://conda.anaconda.org/conda-forge/linux-64/icu-78.3-h54a6638_2.conda
  sha256: d7c260b7e1cf22ce04d6ba8a86eabf4e6c50bc96a5c27fe2ecb32298af3e88eb
  md5: 4ef4b977bb216a3001a3334696a80850
  depends:
  - libstdcxx >=14
  - libgcc >=14
  - __glibc >=2.17,<3.0.a0
  license: MIT
  license_family: MIT
  purls: []
  run_exports:
    weak:
    - icu >=78.3,<79.0a0
  size: 14455340
  timestamp: 1784916378180
- conda: https://conda.anaconda.org/conda-forge/linux-64/ld_impl_linux-64-2.46.1-default_hbd61a6d_102.conda
  sha256: 27d83f1188cd19bcb7754a078b3fa7f4cfb8527f8eb2fde54dd01fc529d1adec
  md5: 449500f2c089da11c40f5c21312e3e07
  depends:
  - __glibc >=2.17,<3.0.a0
  - zstd >=1.5.7,<1.6.0a0
  constrains:
  - binutils_impl_linux-64 2.46.1
  license: GPL-3.0-only
  license_family: GPL
  purls: []
  run_exports: {}
  size: 745303
  timestamp: 1784214507189
- conda: https://conda.anaconda.org/conda-forge/linux-64/libasprintf-0.25.1-h3f43e3d_1.conda
  sha256: cb728a2a95557bb6a5184be2b8be83a6f2083000d0c7eff4ad5bbe5792133541
  md5: 3b0d184bc9404516d418d4509e418bdc
  depends:
  - __glibc >=2.17,<3.0.a0
  - libgcc >=14
  - libstdcxx >=14
  license: LGPL-2.1-or-later
  purls: []
  run_exports:
    weak:
    - libasprintf >=0.25.1,<1.0a0
  size: 53582
  timestamp: 1753342901341
- conda: https://conda.anaconda.org/conda-forge/linux-64/libexpat-2.8.1-hecca717_1.conda
  sha256: 16feffd9ddbbe5b718515d38ee376c685ba95491cd901244e24671d20b952a77
  md5: b24d3c612f71e7aa74158d92106318b2
  depends:
  - __glibc >=2.17,<3.0.a0
  - libgcc >=14
  constrains:
  - expat 2.8.1.*
  license: MIT
  license_family: MIT
  purls: []
  run_exports: {}
  size: 77856
  timestamp: 1781203599810
- conda: https://conda.anaconda.org/conda-forge/linux-64/libffi-3.5.2-h3435931_0.conda
  sha256: 31f19b6a88ce40ebc0d5a992c131f57d919f73c0b92cd1617a5bec83f6e961e6
  md5: a360c33a5abe61c07959e449fa1453eb
  depends:
  - __glibc >=2.17,<3.0.a0
  - libgcc >=14
  license: MIT
  license_family: MIT
  purls: []
  run_exports:
    weak:
    - libffi >=3.5.2,<3.6.0a0
  size: 58592
  timestamp: 1769456073053
- conda: https://conda.anaconda.org/conda-forge/linux-64/libgcc-16.1.0-ha9f2e26_1.conda
  sha256: d5cb8475131c31680f8fd30512c418f373064e272e452063276a8fb14c9fa42f
  md5: 5a7d954665c707c93311657cd779c705
  depends:
  - __glibc >=2.17,<3.0.a0
  - _openmp_mutex >=4.5
  constrains:
  - libgomp 16.1.0 he0feb66_1
  - libgcc-ng ==16.1.0=*_1
  license: GPL-3.0-only WITH GCC-exception-3.1
  purls: []
  run_exports: {}
  size: 1057877
  timestamp: 1785375436766
- conda: https://conda.anaconda.org/conda-forge/linux-64/libgcc-ng-16.1.0-h69a702a_1.conda
  sha256: 225275c562337a1cd61705da0ee4235dde7bba7504de1c34b74c894adb2b0eee
  md5: 7ed870c014a6f23c7dfafda53d2763a9
  depends:
  - libgcc 16.1.0 ha9f2e26_1
  license: GPL-3.0-only WITH GCC-exception-3.1
  purls: []
  run_exports:
    strong:
    - libgcc
  size: 28210
  timestamp: 1785375440733
- conda: https://conda.anaconda.org/conda-forge/linux-64/libgettextpo-0.25.1-h3f43e3d_1.conda
  sha256: 50a9e9815cf3f5bce1b8c5161c0899cc5b6c6052d6d73a4c27f749119e607100
  md5: 2f4de899028319b27eb7a4023be5dfd2
  depends:
  - __glibc >=2.17,<3.0.a0
  - libgcc >=14
  - libiconv >=1.18,<2.0a0
  license: GPL-3.0-or-later
  license_family: GPL
  purls: []
  run_exports:
    weak:
    - libgettextpo >=0.25.1,<1.0a0
  size: 188293
  timestamp: 1753342911214
- conda: https://conda.anaconda.org/conda-forge/linux-64/libgomp-16.1.0-he0feb66_1.conda
  sha256: 62cb599ad0539d99386515326d9d5e8f51f75a60c69c2131b21df76edf35bd89
  md5: 88f2d91cb1533194c323534253094d23
  depends:
  - __glibc >=2.17,<3.0.a0
  license: GPL-3.0-only WITH GCC-exception-3.1
  purls: []
  run_exports:
    strong:
    - _openmp_mutex >=4.5
  size: 640415
  timestamp: 1785375373755
- conda: https://conda.anaconda.org/conda-forge/linux-64/libiconv-1.18-h3b78370_2.conda
  sha256: c467851a7312765447155e071752d7bf9bf44d610a5687e32706f480aad2833f
  md5: 915f5995e94f60e9a4826e0b0920ee88
  depends:
  - __glibc >=2.17,<3.0.a0
  - libgcc >=14
  license: LGPL-2.1-only
  purls: []
  run_exports:
    weak:
    - libiconv >=1.18,<2.0a0
  size: 790176
  timestamp: 1754908768807
- conda: https://conda.anaconda.org/conda-forge/linux-64/liblzma-5.8.3-hb03c661_0.conda
  sha256: ec30e52a3c1bf7d0425380a189d209a52baa03f22fb66dd3eb587acaa765bd6d
  md5: b88d90cad08e6bc8ad540cb310a761fb
  depends:
  - __glibc >=2.17,<3.0.a0
  - libgcc >=14
  constrains:
  - xz 5.8.3.*
  license: 0BSD
  purls: []
  run_exports:
    weak:
    - liblzma >=5.8.3,<6.0a0
  size: 113478
  timestamp: 1775825492909
- conda: https://conda.anaconda.org/conda-forge/linux-64/libnsl-2.0.1-hb9d3cd8_1.conda
  sha256: 927fe72b054277cde6cb82597d0fcf6baf127dcbce2e0a9d8925a68f1265eef5
  md5: d864d34357c3b65a4b731f78c0801dc4
  depends:
  - __glibc >=2.17,<3.0.a0
  - libgcc >=13
  license: LGPL-2.1-only
  license_family: GPL
  purls: []
  run_exports:
    weak:
    - libnsl >=2.0.1,<2.1.0a0
  size: 33731
  timestamp: 1750274110928
- conda: https://conda.anaconda.org/conda-forge/linux-64/libsqlite-3.53.4-hf4e2dac_0.conda
  sha256: 72023efc207fe681e26b65fc9d668062cf0b4f0eacf3431e6eb099b95c1f2efd
  md5: df088a279cd5e6fd2790b4c196434da1
  depends:
  - __glibc >=2.17,<3.0.a0
  - icu >=78.3,<79.0a0
  - libgcc >=14
  - libzlib >=1.3.2,<2.0a0
  license: blessing
  purls: []
  run_exports:
    weak:
    - libsqlite >=3.53.4,<4.0a0
  size: 964200
  timestamp: 1785016112246
- conda: https://conda.anaconda.org/conda-forge/linux-64/libstdcxx-16.1.0-h934c35e_1.conda
  sha256: 79721dd08aeb0ab9e773f1f9ef41cf4e6c17477e3d72319147619045bce05a09
  md5: aed6cf89adc1e9b846e4367ac538e434
  depends:
  - __glibc >=2.17,<3.0.a0
  - libgcc 16.1.0 ha9f2e26_1
  constrains:
  - libstdcxx-ng ==16.1.0=*_1
  license: GPL-3.0-only WITH GCC-exception-3.1
  purls: []
  run_exports: {}
  size: 6631744
  timestamp: 1785375462643
- conda: https://conda.anaconda.org/conda-forge/linux-64/libstdcxx-ng-16.1.0-hdf11a46_1.conda
  sha256: 2876ca4463d1b394eb969ce4a84d1620aa63fb8202a6397837d1e45ec76c1208
  md5: c94f06123272d8e129d4acf3a25ffb35
  depends:
  - libstdcxx 16.1.0 h934c35e_1
  license: GPL-3.0-only WITH GCC-exception-3.1
  purls: []
  run_exports:
    strong:
    - libstdcxx
  size: 28253
  timestamp: 1785375500257
- conda: https://conda.anaconda.org/conda-forge/linux-64/libuuid-2.42.2-h5347b49_0.conda
  sha256: 9b1bdce27a7e31f7d241aeecff67a1f3101d52a2b1e33ccc2cdf2613072bf81f
  md5: 01bb81d12c957de066ea7362007df642
  depends:
  - libgcc >=14
  - __glibc >=2.17,<3.0.a0
  license: BSD-3-Clause
  license_family: BSD
  purls: []
  run_exports:
    weak:
    - libuuid >=2.42.2,<3.0a0
  size: 40017
  timestamp: 1781625522462
- conda: https://conda.anaconda.org/conda-forge/linux-64/libxcrypt-4.4.36-hd590300_1.conda
  sha256: 6ae68e0b86423ef188196fff6207ed0c8195dd84273cb5623b85aa08033a410c
  md5: 5aa797f8787fe7a17d1b0821485b5adc
  depends:
  - libgcc-ng >=12
  license: LGPL-2.1-or-later
  purls: []
  run_exports:
    weak:
    - libxcrypt >=4.4.36
  size: 100393
  timestamp: 1702724383534
- conda: https://conda.anaconda.org/conda-forge/linux-64/libzlib-1.3.2-h25fd6f3_3.conda
  sha256: eb8a0db0aa570124f7d2a93d7c7f596e3390df5e047818d873baad32985fc736
  md5: 0de0122d9570a8ab637c6b73db268389
  depends:
  - __glibc >=2.17,<3.0.a0
  constrains:
  - zlib 1.3.2 *_3
  license: Zlib
  license_family: Other
  purls: []
  run_exports:
    weak:
    - libzlib >=1.3.2,<2.0a0
  size: 63713
  timestamp: 1785362952714
- conda: https://conda.anaconda.org/conda-forge/linux-64/mafft-7.526-h4bc722e_0.conda
  sha256: e307b4d817c5f1d1173896d8d54b1b11761b0fc7889bf618ff59dd6407b11d36
  md5: cf3b2acf649bc31e576ed43a2fa4aaa3
  depends:
  - __glibc >=2.17
  - __glibc >=2.17,<3.0.a0
  - gawk
  - libgcc-ng >=12
  license: BSD-3-Clause
  license_family: BSD
  purls: []
  run_exports:
    weak:
    - mafft >=7.526,<8.0a0
  size: 2610460
  timestamp: 1720680384725
- conda: https://conda.anaconda.org/conda-forge/linux-64/mpfr-4.2.2-he0a73b1_0.conda
  sha256: 8690f550a780f75d9c47f7ffc15f5ff1c149d36ac17208e50eda101ca16611b9
  md5: 85ce2ffa51ab21da5efa4a9edc5946aa
  depends:
  - __glibc >=2.17,<3.0.a0
  - gmp >=6.3.0,<7.0a0
  - libgcc >=14
  license: LGPL-3.0-only
  license_family: LGPL
  purls: []
  run_exports:
    weak:
    - mpfr >=4.2.2,<5.0a0
  size: 730422
  timestamp: 1773413915171
- conda: https://conda.anaconda.org/conda-forge/linux-64/ncurses-6.6-hdb14827_0.conda
  sha256: fc89f74bbe362fb29fa3c037697a89bec140b346a2469a90f7936d1d7ea4d8a3
  md5: fc21868a1a5aacc937e7a18747acb8a5
  depends:
  - __glibc >=2.17,<3.0.a0
  - libgcc >=14
  license: X11 AND BSD-3-Clause
  purls: []
  run_exports:
    weak:
    - ncurses >=6.6,<7.0a0
  size: 918956
  timestamp: 1777422145199
- conda: https://conda.anaconda.org/conda-forge/linux-64/openssl-3.6.3-h35e630c_0.conda
  sha256: d48f5c22b9897c01e4dff3680f1f57ceb02711ab9c62f74339b080419dfad34b
  md5: 79dd2074b5cd5c5c6b2930514a11e22d
  depends:
  - __glibc >=2.17,<3.0.a0
  - ca-certificates
  - libgcc >=14
  license: Apache-2.0
  license_family: Apache
  purls: []
  run_exports:
    weak:
    - openssl >=3.6.3,<4.0a0
  size: 3159683
  timestamp: 1781069855778
- conda: https://conda.anaconda.org/conda-forge/linux-64/perl-5.32.1-7_hd590300_perl5.conda
  build_number: 7
  sha256: 9ec32b6936b0e37bcb0ed34f22ec3116e75b3c0964f9f50ecea5f58734ed6ce9
  md5: f2cfec9406850991f4e3d960cc9e3321
  depends:
  - libgcc-ng >=12
  - libxcrypt >=4.4.36
  license: GPL-1.0-or-later OR Artistic-1.0-Perl
  purls: []
  run_exports:
    weak:
    - perl >=5.32.1,<5.33.0a0 *_perl5
    noarch:
    - perl >=5.32.1,<6.0a0 *_perl5
  size: 13344463
  timestamp: 1703310653947
- conda: https://conda.anaconda.org/conda-forge/linux-64/python-3.12.13-hd63d673_0_cpython.conda
  sha256: a44655c1c3e1d43ed8704890a91e12afd68130414ea2c0872e154e5633a13d7e
  md5: 7eccb41177e15cc672e1babe9056018e
  depends:
  - __glibc >=2.17,<3.0.a0
  - bzip2 >=1.0.8,<2.0a0
  - ld_impl_linux-64 >=2.36.1
  - libexpat >=2.7.4,<3.0a0
  - libffi >=3.5.2,<3.6.0a0
  - libgcc >=14
  - liblzma >=5.8.2,<6.0a0
  - libnsl >=2.0.1,<2.1.0a0
  - libsqlite >=3.51.2,<4.0a0
  - libuuid >=2.41.3,<3.0a0
  - libxcrypt >=4.4.36
  - libzlib >=1.3.1,<2.0a0
  - ncurses >=6.5,<7.0a0
  - openssl >=3.5.5,<4.0a0
  - readline >=8.3,<9.0a0
  - tk >=8.6.13,<8.7.0a0
  - tzdata
  constrains:
  - python_abi 3.12.* *_cp312
  license: Python-2.0
  purls: []
  run_exports:
    weak:
    - python_abi 3.12.* *_cp312
    noarch:
    - python
  size: 31608571
  timestamp: 1772730708989
- conda: https://conda.anaconda.org/conda-forge/linux-64/readline-8.3-h853b02a_0.conda
  sha256: 12ffde5a6f958e285aa22c191ca01bbd3d6e710aa852e00618fa6ddc59149002
  md5: d7d95fc8287ea7bf33e0e7116d2b95ec
  depends:
  - __glibc >=2.17,<3.0.a0
  - libgcc >=14
  - ncurses >=6.5,<7.0a0
  license: GPL-3.0-only
  license_family: GPL
  purls: []
  run_exports:
    weak:
    - readline >=8.3,<9.0a0
  size: 345073
  timestamp: 1765813471974
- conda: https://conda.anaconda.org/conda-forge/linux-64/tk-8.6.13-noxft_hd70dff1_3.conda
  build_number: 103
  sha256: 43624eab22f5f29df7d6ffe914cf442f28fd559b55b290906255492826e636e8
  md5: 48a1049e710857572fc2a832aa394d9f
  depends:
  - __glibc >=2.17,<3.0.a0
  - libgcc >=14
  - libzlib >=1.3.2,<2.0a0
  constrains:
  - xorg-libx11 >=1.8.13,<2.0a0
  license: TCL
  purls: []
  run_exports:
    weak:
    - tk >=8.6.13,<8.7.0a0
  size: 3550916
  timestamp: 1784229071544
- conda: https://conda.anaconda.org/conda-forge/linux-64/zstd-1.5.7-hb78ec9c_6.conda
  sha256: 68f0206ca6e98fea941e5717cec780ed2873ffabc0e1ed34428c061e2c6268c7
  md5: 4a13eeac0b5c8e5b8ab496e6c4ddd829
  depends:
  - __glibc >=2.17,<3.0.a0
  - libzlib >=1.3.1,<2.0a0
  license: BSD-3-Clause
  license_family: BSD
  purls: []
  run_exports:
    weak:
    - zstd >=1.5.7,<1.6.0a0
  size: 601375
  timestamp: 1764777111296
- conda: https://conda.anaconda.org/conda-forge/noarch/ca-certificates-2026.7.22-hbd8a1cb_0.conda
  sha256: 0a0544cf95f64394fe4959286f5c71f5444ad58feb0602e53becb27448d24da6
  md5: 0f51e2391ade309db462a55611263e9c
  depends:
  - __unix
  license: ISC
  purls: []
  run_exports: {}
  size: 131780
  timestamp: 1784754889428
- conda: https://conda.anaconda.org/conda-forge/noarch/python_abi-3.13-8_cp313.conda
  build_number: 8
  sha256: 210bffe7b121e651419cb196a2a63687b087497595c9be9d20ebe97dd06060a7
  md5: 94305520c52a4aa3f6c2b1ff6008d9f8
  constrains:
  - python 3.13.* *_cp313
  license: BSD-3-Clause
  license_family: BSD
  run_exports: {}
  size: 7002
  timestamp: 1752805902938
- conda: https://conda.anaconda.org/conda-forge/noarch/tzdata-2026c-h151e31d_0.conda
  sha256: b928c30ddcb0e3f544c6eade8352737e6e610e263276b90232db6a578ef899d8
  md5: fcb489df604d100968b737f2cb6076c6
  license: LicenseRef-Public-Domain
  purls: []
  run_exports: {}
  size: 118849
  timestamp: 1784250406640
- conda: https://conda.anaconda.org/conda-forge/osx-arm64/bzip2-1.0.8-hd037594_9.conda
  sha256: 540fe54be35fac0c17feefbdc3e29725cce05d7367ffedfaaa1bdda234b019df
  md5: 620b85a3f45526a8bc4d23fd78fc22f0
  depends:
  - __osx >=11.0
  license: bzip2-1.0.6
  license_family: BSD
  purls: []
  run_exports:
    weak:
    - bzip2 >=1.0.8,<2.0a0
  size: 124834
  timestamp: 1771350416561
- conda: https://conda.anaconda.org/conda-forge/osx-arm64/gawk-5.4.1-hcc05c04_0.conda
  sha256: b4f128617ad64446794cd738ef8d4cd19e8e8db4a85e0d5127132b800c98d246
  md5: 21f92357c60f7b55635c6df6dbb8a295
  depends:
  - gmp
  - mpfr
  - __osx >=11.0
  - libintl >=0.25.1,<1.0a0
  - libasprintf >=0.25.1,<1.0a0
  - libgettextpo >=0.25.1,<1.0a0
  - mpfr >=4.2.2,<5.0a0
  - gmp >=6.3.0,<7.0a0
  - readline >=8.3,<9.0a0
  license: GPL-3.0-or-later
  license_family: GPL
  purls: []
  run_exports: {}
  size: 1461784
  timestamp: 1783686330597
- conda: https://conda.anaconda.org/conda-forge/osx-arm64/gmp-6.3.0-h7bae524_2.conda
  sha256: 76e222e072d61c840f64a44e0580c2503562b009090f55aa45053bf1ccb385dd
  md5: eed7278dfbab727b56f2c0b64330814b
  depends:
  - __osx >=11.0
  - libcxx >=16
  license: GPL-2.0-or-later OR LGPL-3.0-or-later
  purls: []
  run_exports:
    weak:
    - gmp >=6.3.0,<7.0a0
  size: 365188
  timestamp: 1718981343258
- conda: https://conda.anaconda.org/conda-forge/osx-arm64/icu-78.3-hc7cc350_2.conda
  sha256: f0b22bc30e4cc29e29ba3234cb38497fe8def2c2aae4b775d42fe5b378a018c9
  md5: 6133ddbb17ba2b50700dd88e9303ce27
  depends:
  - __osx >=11.0
  license: MIT
  license_family: MIT
  purls: []
  run_exports:
    weak:
    - icu >=78.3,<79.0a0
  size: 14070698
  timestamp: 1784916459058
- conda: https://conda.anaconda.org/conda-forge/osx-arm64/libasprintf-0.25.1-h493aca8_0.conda
  sha256: 7265547424e978ea596f51cc8e7b81638fb1c660b743e98cc4deb690d9d524ab
  md5: 0deb80a2d6097c5fb98b495370b2435b
  depends:
  - __osx >=11.0
  - libcxx >=18
  license: LGPL-2.1-or-later
  purls: []
  run_exports:
    weak:
    - libasprintf >=0.25.1,<1.0a0
  size: 52316
  timestamp: 1751558366611
- conda: https://conda.anaconda.org/conda-forge/osx-arm64/libcxx-22.1.8-h55c6f16_0.conda
  sha256: a2e7abab5add9750fab064c024394de48e49f97631c605ad5db5c8ac3fc769ef
  md5: 89f76a2a21a3ec3ec983b5eb237c4113
  depends:
  - __osx >=11.0
  license: Apache-2.0 WITH LLVM-exception
  license_family: Apache
  purls: []
  run_exports: {}
  size: 569349
  timestamp: 1781670209146
- conda: https://conda.anaconda.org/conda-forge/osx-arm64/libexpat-2.8.1-hf6b4638_1.conda
  sha256: 5af74261101e3c777399c6294b2b5d290e508153268eb2e9ff99c4d69834612f
  md5: a915151d5d3c5bf039f5ccc8402a436f
  depends:
  - __osx >=11.0
  constrains:
  - expat 2.8.1.*
  license: MIT
  license_family: MIT
  purls: []
  run_exports: {}
  size: 69362
  timestamp: 1781203631990
- conda: https://conda.anaconda.org/conda-forge/osx-arm64/libffi-3.5.2-hcf2aa1b_0.conda
  sha256: 6686a26466a527585e6a75cc2a242bf4a3d97d6d6c86424a441677917f28bec7
  md5: 43c04d9cb46ef176bb2a4c77e324d599
  depends:
  - __osx >=11.0
  license: MIT
  license_family: MIT
  purls: []
  run_exports:
    weak:
    - libffi >=3.5.2,<3.6.0a0
  size: 40979
  timestamp: 1769456747661
- conda: https://conda.anaconda.org/conda-forge/osx-arm64/libgettextpo-0.25.1-h493aca8_0.conda
  sha256: 3ba35ff26b3b9573b5df5b9bbec5c61476157ec3a9f12c698e2a9350cd4338fd
  md5: 98acd9989d0d8d5914ccc86dceb6c6c2
  depends:
  - __osx >=11.0
  - libiconv >=1.18,<2.0a0
  - libintl 0.25.1 h493aca8_0
  license: GPL-3.0-or-later
  license_family: GPL
  purls: []
  run_exports:
    weak:
    - libgettextpo >=0.25.1,<1.0a0
  size: 183091
  timestamp: 1751558452316
- conda: https://conda.anaconda.org/conda-forge/osx-arm64/libiconv-1.18-h23cfdf5_2.conda
  sha256: de0336e800b2af9a40bdd694b03870ac4a848161b35c8a2325704f123f185f03
  md5: 4d5a7445f0b25b6a3ddbb56e790f5251
  depends:
  - __osx >=11.0
  license: LGPL-2.1-only
  purls: []
  run_exports:
    weak:
    - libiconv >=1.18,<2.0a0
  size: 750379
  timestamp: 1754909073836
- conda: https://conda.anaconda.org/conda-forge/osx-arm64/libintl-0.25.1-h493aca8_0.conda
  sha256: 99d2cebcd8f84961b86784451b010f5f0a795ed1c08f1e7c76fbb3c22abf021a
  md5: 5103f6a6b210a3912faf8d7db516918c
  depends:
  - __osx >=11.0
  - libiconv >=1.18,<2.0a0
  license: LGPL-2.1-or-later
  purls: []
  run_exports:
    weak:
    - libintl >=0.25.1,<1.0a0
  size: 90957
  timestamp: 1751558394144
- conda: https://conda.anaconda.org/conda-forge/osx-arm64/liblzma-5.8.3-h8088a28_0.conda
  sha256: 34878d87275c298f1a732c6806349125cebbf340d24c6c23727268184bba051e
  md5: b1fd823b5ae54fbec272cea0811bd8a9
  depends:
  - __osx >=11.0
  constrains:
  - xz 5.8.3.*
  license: 0BSD
  purls: []
  run_exports:
    weak:
    - liblzma >=5.8.3,<6.0a0
  size: 92472
  timestamp: 1775825802659
- conda: https://conda.anaconda.org/conda-forge/osx-arm64/libmpdec-4.0.0-h84a0fba_1.conda
  sha256: 1089c7f15d5b62c622625ec6700732ece83be8b705da8c6607f4dabb0c4bd6d2
  md5: 57c4be259f5e0b99a5983799a228ae55
  depends:
  - __osx >=11.0
  license: BSD-2-Clause
  license_family: BSD
  run_exports: {}
  size: 73690
  timestamp: 1769482560514
- conda: https://conda.anaconda.org/conda-forge/osx-arm64/libsqlite-3.53.4-h1ae2325_0.conda
  sha256: 745662565e103f290e9dc4263bbd88285082f8cf699854fe2d5f1e35a4a0d326
  md5: 0e3477c0c3e718dcf2eb74ccc8f68570
  depends:
  - __osx >=11.0
  - icu >=78.3,<79.0a0
  - libzlib >=1.3.2,<2.0a0
  license: blessing
  purls: []
  run_exports:
    weak:
    - libsqlite >=3.53.4,<4.0a0
  size: 929203
  timestamp: 1785016131414
- conda: https://conda.anaconda.org/conda-forge/osx-arm64/libzlib-1.3.2-h8088a28_3.conda
  sha256: a18fa5d5bac452401459f966cf0d872224e8080c4ff93c77e168d43ab42ef9d7
  md5: f39288f0ea63ae962e1a2e4f355a0d75
  depends:
  - __osx >=11.0
  constrains:
  - zlib 1.3.2 *_3
  license: Zlib
  license_family: Other
  purls: []
  run_exports:
    weak:
    - libzlib >=1.3.2,<2.0a0
  size: 47822
  timestamp: 1785277049190
- conda: https://conda.anaconda.org/conda-forge/osx-arm64/llvm-openmp-22.1.8-hc7d1edf_0.conda
  sha256: ccbaad6bbc88f135ab849bc36af5fa6eda36a9ed18ce6f58e3dde3d11784c156
  md5: a9c118f6343fb6301b6f3b4e94c4c562
  depends:
  - __osx >=11.0
  constrains:
  - intel-openmp <0.0a0
  - openmp 22.1.8|22.1.8.*
  license: Apache-2.0 WITH LLVM-exception
  license_family: APACHE
  purls: []
  run_exports:
    strong:
    - llvm-openmp >=22.1.8
  size: 286313
  timestamp: 1781736516782
- conda: https://conda.anaconda.org/conda-forge/osx-arm64/mafft-7.526-h99b78c6_0.conda
  sha256: 89b847250232bae9af4fa28c6ffffc857b480dc44d9489ad7ccef25bf271c7d1
  md5: 6c99c90304bcb59719360fdf1aef9704
  depends:
  - __osx >=11.0
  - gawk
  license: BSD-3-Clause
  license_family: BSD
  purls: []
  run_exports:
    weak:
    - mafft >=7.526,<8.0a0
  size: 4921680
  timestamp: 1720669288591
- conda: https://conda.anaconda.org/conda-forge/osx-arm64/mpfr-4.2.2-h6bc93b0_0.conda
  sha256: af5eca85f7ffdd403275e916f1de40a7d4b48ae138f12479523d9500c6a073ba
  md5: a47a14da2103c9c7a390f7c8bc8d7f9b
  depends:
  - __osx >=11.0
  - gmp >=6.3.0,<7.0a0
  license: LGPL-3.0-only
  license_family: LGPL
  purls: []
  run_exports:
    weak:
    - mpfr >=4.2.2,<5.0a0
  size: 348767
  timestamp: 1773414111071
- conda: https://conda.anaconda.org/conda-forge/osx-arm64/ncurses-6.6-h1d4f5a5_0.conda
  sha256: 4ea6c620b87bd1d42bb2ccc2c87cd2483fa2d7f9e905b14c223f11ff3f4c455d
  md5: 343d10ed5b44030a2f67193905aea159
  depends:
  - __osx >=11.0
  license: X11 AND BSD-3-Clause
  purls: []
  run_exports:
    weak:
    - ncurses >=6.6,<7.0a0
  size: 805509
  timestamp: 1777423252320
- conda: https://conda.anaconda.org/conda-forge/osx-arm64/openssl-3.6.3-hd24854e_0.conda
  sha256: b3e3ca895c336d4eb91c5d2f244a312bdb59a0de8cfa0cc4c179225ab2f6bbfb
  md5: 8187a86242741725bfa74785fe812979
  depends:
  - __osx >=11.0
  - ca-certificates
  license: Apache-2.0
  license_family: Apache
  purls: []
  run_exports:
    weak:
    - openssl >=3.6.3,<4.0a0
  size: 3102584
  timestamp: 1781069820667
- conda: https://conda.anaconda.org/conda-forge/osx-arm64/perl-5.32.1-7_h4614cfb_perl5.conda
  build_number: 7
  sha256: b0c55040d2994fd6bf2f83786561d92f72306d982d6ea12889acad24a9bf43b8
  md5: ba3cbe93f99e896765422cc5f7c3a79e
  license: GPL-1.0-or-later OR Artistic-1.0-Perl
  purls: []
  run_exports:
    weak:
    - perl >=5.32.1,<5.33.0a0 *_perl5
    noarch:
    - perl >=5.32.1,<6.0a0 *_perl5
  size: 14439531
  timestamp: 1703311335652
- conda: https://conda.anaconda.org/conda-forge/osx-arm64/python-3.12.13-h8561d8f_0_cpython.conda
  sha256: e658e647a4a15981573d6018928dec2c448b10c77c557c29872043ff23c0eb6a
  md5: 8e7608172fa4d1b90de9a745c2fd2b81
  depends:
  - __osx >=11.0
  - bzip2 >=1.0.8,<2.0a0
  - libexpat >=2.7.4,<3.0a0
  - libffi >=3.5.2,<3.6.0a0
  - liblzma >=5.8.2,<6.0a0
  - libsqlite >=3.51.2,<4.0a0
  - libzlib >=1.3.1,<2.0a0
  - ncurses >=6.5,<7.0a0
  - openssl >=3.5.5,<4.0a0
  - readline >=8.3,<9.0a0
  - tk >=8.6.13,<8.7.0a0
  - tzdata
  constrains:
  - python_abi 3.12.* *_cp312
  license: Python-2.0
  purls: []
  run_exports:
    weak:
    - python_abi 3.12.* *_cp312
    noarch:
    - python
  size: 12127424
  timestamp: 1772730755512
- conda: https://conda.anaconda.org/conda-forge/osx-arm64/python-3.13.14-h448ec07_100_cp313.conda
  build_number: 100
  sha256: c89eedab6b293fae654d75483d8f3e5eb3ff9ce2478134d902676c1dd20c7dfd
  md5: e556c07deaa168043f8430bb046092e2
  depends:
  - __osx >=11.0
  - bzip2 >=1.0.8,<2.0a0
  - libexpat >=2.8.1,<3.0a0
  - libffi >=3.5.2,<3.6.0a0
  - liblzma >=5.8.3,<6.0a0
  - libmpdec >=4.0.0,<5.0a0
  - libsqlite >=3.53.2,<4.0a0
  - libzlib >=1.3.2,<2.0a0
  - ncurses >=6.6,<7.0a0
  - openssl >=3.5.7,<4.0a0
  - python_abi 3.13.* *_cp313
  - readline >=8.3,<9.0a0
  - tk >=8.6.13,<8.7.0a0
  - tzdata
  license: Python-2.0
  run_exports:
    weak:
    - python_abi 3.13.* *_cp313
    noarch:
    - python
  size: 17017633
  timestamp: 1781257915644
  python_site_packages_path: lib/python3.13/site-packages
- conda: https://conda.anaconda.org/conda-forge/osx-arm64/readline-8.3-h46df422_0.conda
  sha256: a77010528efb4b548ac2a4484eaf7e1c3907f2aec86123ed9c5212ae44502477
  md5: f8381319127120ce51e081dce4865cf4
  depends:
  - __osx >=11.0
  - ncurses >=6.5,<7.0a0
  license: GPL-3.0-only
  license_family: GPL
  purls: []
  run_exports:
    weak:
    - readline >=8.3,<9.0a0
  size: 313930
  timestamp: 1765813902568
- conda: https://conda.anaconda.org/conda-forge/osx-arm64/tk-8.6.13-hd3d0363_3.conda
  sha256: 47186bc7ab8d7e8bee86bbd1a917196f8c21cf63f081fc33cd6d1221af087580
  md5: 8e3cf0e455e6b54519f0b1c72c61780a
  depends:
  - __osx >=11.0
  - libzlib >=1.3.2,<2.0a0
  license: TCL
  purls: []
  run_exports:
    weak:
    - tk >=8.6.13,<8.7.0a0
  size: 3338712
  timestamp: 1784229090530
- pypi: .
  name: enterovirus-genbank-curated
  requires_dist:
  - biopython==1.87
  - duckdb==1.5.5
  requires_python: '>=3.12,<3.14'
- pypi: https://files.pythonhosted.org/packages/24/ff/96058f6506aac0fbc0d0fc0d60b0d0bd746240a0594657a2d94ad28033ba/ruff-0.12.5-py3-none-manylinux_2_17_x86_64.manylinux2014_x86_64.whl
  name: ruff
  version: 0.12.5
  sha256: 2c47dea6ae39421851685141ba9734767f960113d51e83fd7bb9958d5be8763a
  requires_python: '>=3.7'
- pypi: https://files.pythonhosted.org/packages/29/16/c8a903f4c4dffe7a12843191437d7cd8e32751d5de349d45d3fe69544e87/pytest-8.4.1-py3-none-any.whl
  name: pytest
  version: 8.4.1
  sha256: 539c70ba6fcead8e78eebbf1115e8b589e7565830d7d006a8723f19ac8a0afb7
  requires_dist:
  - colorama>=0.4 ; sys_platform == 'win32'
  - exceptiongroup>=1 ; python_full_version < '3.11'
  - iniconfig>=1
  - packaging>=20
  - pluggy>=1.5,<2
  - pygments>=2.7.2
  - tomli>=1 ; python_full_version < '3.11'
  - argcomplete ; extra == 'dev'
  - attrs>=19.2 ; extra == 'dev'
  - hypothesis>=3.56 ; extra == 'dev'
  - mock ; extra == 'dev'
  - requests ; extra == 'dev'
  - setuptools ; extra == 'dev'
  - xmlschema ; extra == 'dev'
  requires_python: '>=3.9'
- pypi: https://files.pythonhosted.org/packages/4f/98/6549769f158126fa64fd6c1ac2eb59a18282146c939867a3eb31b7c1db07/duckdb-1.5.5-cp312-cp312-manylinux_2_26_x86_64.manylinux_2_28_x86_64.whl
  name: duckdb
  version: 1.5.5
  sha256: 7a6d2d11859d82a936ebdcb30ce3d8a1cbb3e990bff05c12abb9b54c44fa7bd1
  requires_dist:
  - ipython ; extra == 'all'
  - fsspec ; extra == 'all'
  - numpy ; extra == 'all'
  - pandas ; extra == 'all'
  - pyarrow ; extra == 'all'
  - adbc-driver-manager ; extra == 'all'
  requires_python: '>=3.10.0'
- pypi: https://files.pythonhosted.org/packages/54/20/4d324d65cc6d9205fabedc306948156824eb9f0ee1633355a8f7ec5c66bf/pluggy-1.6.0-py3-none-any.whl
  name: pluggy
  version: 1.6.0
  sha256: e920276dd6813095e9377c0bc5566d94c932c33b27a3e3945d8389c374dd4746
  requires_dist:
  - pre-commit ; extra == 'dev'
  - tox ; extra == 'dev'
  - pytest ; extra == 'testing'
  - pytest-benchmark ; extra == 'testing'
  - coverage ; extra == 'testing'
  requires_python: '>=3.9'
- pypi: https://files.pythonhosted.org/packages/60/a6/18f024658c364196b7f9519674edd3233136fa19874b7ffd9e55ea0fd8e6/biopython-1.87-cp312-cp312-macosx_11_0_arm64.whl
  name: biopython
  version: '1.87'
  sha256: 77ccc634621904d4a8fa0a43b5e0f093fa9df8c9577ed3858af648bb3528f51e
  requires_dist:
  - numpy
  requires_python: '>=3.10'
- pypi: https://files.pythonhosted.org/packages/a9/28/7898c2061966d6d62f0bb2e53cd5e1b3bb3053d2bc431f299802faca23cc/biopython-1.87-cp312-cp312-manylinux2014_x86_64.manylinux_2_17_x86_64.manylinux_2_28_x86_64.whl
  name: biopython
  version: '1.87'
  sha256: 65ba69ef0273e983a9036c2a228142bc34266179a5f03660fc281d332d718630
  requires_dist:
  - numpy
  requires_python: '>=3.10'
- pypi: https://files.pythonhosted.org/packages/b8/a9/6e73d68500f80773f65f0654ea932019d6694329a0eb0ed0533de38df376/numpy-2.5.1-cp312-cp312-manylinux_2_27_x86_64.manylinux_2_28_x86_64.whl
  name: numpy
  version: 2.5.1
  sha256: 59fda5e192b570217ec2580c96f00e9a7e12ef6866a900eb089b62c1a32545ca
  requires_python: '>=3.12'
- pypi: https://files.pythonhosted.org/packages/bf/5c/bf02da0b354fe83cca4f95a4fbf762181af466f7d551ab2a093f7698882a/duckdb-1.5.5-cp312-cp312-macosx_11_0_arm64.whl
  name: duckdb
  version: 1.5.5
  sha256: f0b88535a5d86fdd63dba6ea02ab68c003dfb9e4892b11256ef24c4da208baae
  requires_dist:
  - ipython ; extra == 'all'
  - fsspec ; extra == 'all'
  - numpy ; extra == 'all'
  - pandas ; extra == 'all'
  - pyarrow ; extra == 'all'
  - adbc-driver-manager ; extra == 'all'
  requires_python: '>=3.10.0'
- pypi: https://files.pythonhosted.org/packages/c5/de/c6bec1dce5ead9f9e6a946ea15e8d698c35f19edc508289d70a577921b30/ruff-0.12.5-py3-none-macosx_11_0_arm64.whl
  name: ruff
  version: 0.12.5
  sha256: 962775ed5b27c7aa3fdc0d8f4d4433deae7659ef99ea20f783d666e77338b8cf
  requires_python: '>=3.7'
- pypi: https://files.pythonhosted.org/packages/cb/b1/3846dd7f199d53cb17f49cba7e651e9ce294d8497c8c150530ed11865bb8/iniconfig-2.3.0-py3-none-any.whl
  name: iniconfig
  version: 2.3.0
  sha256: f631c04d2c48c52b84d0d0549c99ff3859c98df65b3101406327ecc7d53fbf12
  requires_python: '>=3.10'
- pypi: https://files.pythonhosted.org/packages/df/b2/87e62e8c3e2f4b32e5fe99e0b86d576da1312593b39f47d8ceef365e95ed/packaging-26.2-py3-none-any.whl
  name: packaging
  version: '26.2'
  sha256: 5fc45236b9446107ff2415ce77c807cee2862cb6fac22b8a73826d0693b0980e
  requires_python: '>=3.8'
- pypi: https://files.pythonhosted.org/packages/e1/19/cc5bb2a3f2913d27d6dbb2c78d25921fabaedc6741d4a5a615a11f3c5bf3/numpy-2.5.1-cp312-cp312-macosx_11_0_arm64.whl
  name: numpy
  version: 2.5.1
  sha256: ab451b59c5643c570974c43aef780703ef1d3b4965d2be07afd530615a9358d1
  requires_python: '>=3.12'
- pypi: https://files.pythonhosted.org/packages/f4/7e/a72dd26f3b0f4f2bf1dd8923c85f7ceb43172af56d63c7383eb62b332364/pygments-2.20.0-py3-none-any.whl
  name: pygments
  version: 2.20.0
  sha256: 81a9e26dd42fd28a23a2d169d86d7ac03b46e2f8b59ed4698fb4785f946d0176
  requires_dist:
  - colorama>=0.4.6 ; extra == 'windows-terminal'
  requires_python: '>=3.9'
